// !$*UTF8*$!
{
	archiveVersion = 1;
	classes = {
	};
	objectVersion = 77;
	objects = {

/* Begin PBXBuildFile section */
		000C012F2F50C874003B4CDA /* WhisperKit in Frameworks */ = {isa = PBXBuildFile; productRef = 000C012E2F50C874003B4CDA /* WhisperKit */; };
/* End PBXBuildFile section */

/* Begin PBXContainerItemProxy section */
		00A1C0C42F50AD09001D1A22 /* PBXContainerItemProxy */ = {
			isa = PBXContainerItemProxy;
			containerPortal = 00A1C0AE2F50AD06001D1A22 /* Project object */;
			proxyType = 1;
			remoteGlobalIDString = 00A1C0B52F50AD06001D1A22;
			remoteInfo = wispr;
		};
		00A1C0CE2F50AD09001D1A22 /* PBXContainerItemProxy */ = {
			isa = PBXContainerItemProxy;
			containerPortal = 00A1C0AE2F50AD06001D1A22 /* Project object */;
			proxyType = 1;
			remoteGlobalIDString = 00A1C0B52F50AD06001D1A22;
			remoteInfo = wispr;
		};
/* End PBXContainerItemProxy section */

/* Begin PBXFileReference section */
		00A1C0B62F50AD06001D1A22 /* wispr.app */ = {isa = PBXFileReference; explicitFileType = wrapper.application; includeInIndex = 0; path = wispr.app; sourceTree = BUILT_PRODUCTS_DIR; };
		00A1C0C32F50AD09001D1A22 /* wisprTests.xctest */ = {isa = PBXFileReference; explicitFileType = wrapper.cfbundle; includeInIndex = 0; path = wisprTests.xctest; sourceTree = BUILT_PRODUCTS_DIR; };
		00A1C0CD2F50AD09001D1A22 /* wisprUITests.xctest */ = {isa = PBXFileReference; explicitFileType = wrapper.cfbundle; includeInIndex = 0; path = wisprUITests.xctest; sourceTree = BUILT_PRODUCTS_DIR; };
		00F5936D2F51D62700D07301 /* wispr.entitlements */ = {isa = PBXFileReference; lastKnownFileType = text.plist.entitlements; path = wispr.entitlements; sourceTree = "<group>"; };
/* End PBXFileReference section */

/* Begin PBXFileSystemSynchronizedRootGroup section */
		00A1C0B82F50AD06001D1A22 /* wispr */ = {
			isa = PBXFileSystemSynchronizedRootGroup;
			path = wispr;
			sourceTree = "<group>";
		};
		00A1C0C62F50AD09001D1A22 /* wisprTests */ = {
			isa = PBXFileSystemSynchronizedRootGroup;
			path = wisprTests;
			sourceTree = "<group>";
		};
		00A1C0D02F50AD09001D1A22 /* wisprUITests */ = {
			isa = PBXFileSystemSynchronizedRootGroup;
			path = wisprUITests;
			sourceTree = "<group>";
		};
/* End PBXFileSystemSynchronizedRootGroup section */

/* Begin PBXFrameworksBuildPhase section */
		00A1C0B32F50AD06001D1A22 /* Frameworks */ = {
			isa = PBXFrameworksBuildPhase;
			buildActionMask = 2147483647;
			files = (
				000C012F2F50C874003B4CDA /* WhisperKit in Frameworks */,
			);
			runOnlyForDeploymentPostprocessing = 0;
		};
		00A1C0C02F50AD09001D1A22 /* Frameworks */ = {
			isa = PBXFrameworksBuildPhase;
			buildActionMask = 2147483647;
			files = (
			);
			runOnlyForDeploymentPostprocessing = 0;
		};
		00A1C0CA2F50AD09001D1A22 /* Frameworks */ = {
			isa = PBXFrameworksBuildPhase;
			buildActionMask = 2147483647;
			files = (
			);
			runOnlyForDeploymentPostprocessing = 0;
		};
/* End PBXFrameworksBuildPhase section */

/* Begin PBXGroup section */
		00A1C0AD2F50AD06001D1A22 = {
			isa = PBXGroup;
			children = (
				00A1C0B82F50AD06001D1A22 /* wispr */,
				00A1C0C62F50AD09001D1A22 /* wisprTests */,
				00A1C0D02F50AD09001D1A22 /* wisprUITests */,
				00A1C0B72F50AD06001D1A22 /* Products */,
				00F5936D2F51D62700D07301 /* wispr.entitlements */,
			);
			sourceTree = "<group>";
		};
		00A1C0B72F50AD06001D1A22 /* Products */ = {
			isa = PBXGroup;
			children = (
				00A1C0B62F50AD06001D1A22 /* wispr.app */,
				00A1C0C32F50AD09001D1A22 /* wisprTests.xctest */,
				00A1C0CD2F50AD09001D1A22 /* wisprUITests.xctest */,
			);
			name = Products;
			sourceTree = "<group>";
		};
/* End PBXGroup section */

/* Begin PBXNativeTarget section */
		00A1C0B52F50AD06001D1A22 /* wispr */ = {
			isa = PBXNativeTarget;
			buildConfigurationList = 00A1C0D72F50AD09001D1A22 /* Build configuration list for PBXNativeTarget "wispr" */;
			buildPhases = (
				00A1C0B22F50AD06001D1A22 /* Sources */,
				00A1C0B32F50AD06001D1A22 /* Frameworks */,
				00A1C0B42F50AD06001D1A22 /* Resources */,
			);
			buildRules = (
			);
			dependencies = (
			);
			fileSystemSynchronizedGroups = (
				00A1C0B82F50AD06001D1A22 /* wispr */,
			);
			name = wispr;
			packageProductDependencies = (
				000C012E2F50C874003B4CDA /* WhisperKit */,
			);
			productName = wispr;
			productReference = 00A1C0B62F50AD06001D1A22 /* wispr.app */;
			productType = "com.apple.product-type.application";
		};
		00A1C0C22F50AD09001D1A22 /* wisprTests */ = {
			isa = PBXNativeTarget;
			buildConfigurationList = 00A1C0DA2F50AD09001D1A22 /* Build configuration list for PBXNativeTarget "wisprTests" */;
			buildPhases = (
				00A1C0BF2F50AD09001D1A22 /* Sources */,
				00A1C0C02F50AD09001D1A22 /* Frameworks */,
				00A1C0C12F50AD09001D1A22 /* Resources */,
			);
			buildRules = (
			);
			dependencies = (
				00A1C0C52F50AD09001D1A22 /* PBXTargetDependency */,
			);
			fileSystemSynchronizedGroups = (
				00A1C0C62F50AD09001D1A22 /* wisprTests */,
			);
			name = wisprTests;
			packageProductDependencies = (
			);
			productName = wisprTests;
			productReference = 00A1C0C32F50AD09001D1A22 /* wisprTests.xctest */;
			productType = "com.apple.product-type.bundle.unit-test";
		};
		00A1C0CC2F50AD09001D1A22 /* wisprUITests */ = {
			isa = PBXNativeTarget;
			buildConfigurationList = 00A1C0DD2F50AD09001D1A22 /* Build configuration list for PBXNativeTarget "wisprUITests" */;
			buildPhases = (
				00A1C0C92F50AD09001D1A22 /* Sources */,
				00A1C0CA2F50AD09001D1A22 /* Frameworks */,
				00A1C0CB2F50AD09001D1A22 /* Resources */,
			);
			buildRules = (
			);
			dependencies = (
				00A1C0CF2F50AD09001D1A22 /* PBXTargetDependency */,
			);
			fileSystemSynchronizedGroups = (
				00A1C0D02F50AD09001D1A22 /* wisprUITests */,
			);
			name = wisprUITests;
			packageProductDependencies = (
			);
			productName = wisprUITests;
			productReference = 00A1C0CD2F50AD09001D1A22 /* wisprUITests.xctest */;
			productType = "com.apple.product-type.bundle.ui-testing";
		};
/* End PBXNativeTarget section */

/* Begin PBXProject section */
		00A1C0AE2F50AD06001D1A22 /* Project object */ = {
			isa = PBXProject;
			attributes = {
				BuildIndependentTargetsInParallel = 1;
				LastSwiftUpdateCheck = 2630;
				LastUpgradeCheck = 2630;
				TargetAttributes = {
					00A1C0B52F50AD06001D1A22 = {
						CreatedOnToolsVersion = 26.3;
					};
					00A1C0C22F50AD09001D1A22 = {
						CreatedOnToolsVersion = 26.3;
						TestTargetID = 00A1C0B52F50AD06001D1A22;
					};
					00A1C0CC2F50AD09001D1A22 = {
						CreatedOnToolsVersion = 26.3;
						TestTargetID = 00A1C0B52F50AD06001D1A22;
					};
				};
			};
			buildConfigurationList = 00A1C0B12F50AD06001D1A22 /* Build configuration list for PBXProject "wispr" */;
			developmentRegion = en;
			hasScannedForEncodings = 0;
			knownRegions = (
				en,
				Base,
			);
			mainGroup = 00A1C0AD2F50AD06001D1A22;
			minimizedProjectReferenceProxies = 1;
			packageReferences = (
				000C012D2F50C874003B4CDA /* XCRemoteSwiftPackageReference "WhisperKit" */,
			);
			preferredProjectObjectVersion = 77;
			productRefGroup = 00A1C0B72F50AD06001D1A22 /* Products */;
			projectDirPath = "";
			projectRoot = "";
			targets = (
				00A1C0B52F50AD06001D1A22 /* wispr */,
				00A1C0C22F50AD09001D1A22 /* wisprTests */,
				00A1C0CC2F50AD09001D1A22 /* wisprUITests */,
			);
		};
/* End PBXProject section */

/* Begin PBXResourcesBuildPhase section */
		00A1C0B42F50AD06001D1A22 /* Resources */ = {
			isa = PBXResourcesBuildPhase;
			buildActionMask = 2147483647;
			files = (
			);
			runOnlyForDeploymentPostprocessing = 0;
		};
		00A1C0C12F50AD09001D1A22 /* Resources */ = {
			isa = PBXResourcesBuildPhase;
			buildActionMask = 2147483647;
			files = (
			);
			runOnlyForDeploymentPostprocessing = 0;
		};
		00A1C0CB2F50AD09001D1A22 /* Resources */ = {
			isa = PBXResourcesBuildPhase;
			buildActionMask = 2147483647;
			files = (
			);
			runOnlyForDeploymentPostprocessing = 0;
		};
/* End PBXResourcesBuildPhase section */

/* Begin PBXSourcesBuildPhase section */
		00A1C0B22F50AD06001D1A22 /* Sources */ = {
			isa = PBXSourcesBuildPhase;
			buildActionMask = 2147483647;
			files = (
			);
			runOnlyForDeploymentPostprocessing = 0;
		};
		00A1C0BF2F50AD09001D1A22 /* Sources */ = {
			isa = PBXSourcesBuildPhase;
			buildActionMask = 2147483647;
			files = (
			);
			runOnlyForDeploymentPostprocessing = 0;
		};
		00A1C0C92F50AD09001D1A22 /* Sources */ = {
			isa = PBXSourcesBuildPhase;
			buildActionMask = 2147483647;
			files = (
			);
			runOnlyForDeploymentPostprocessing = 0;
		};
/* End PBXSourcesBuildPhase section */

/* Begin PBXTargetDependency section */
		00A1C0C52F50AD09001D1A22 /* PBXTargetDependency */ = {
			isa = PBXTargetDependency;
			target = 00A1C0B52F50AD06001D1A22 /* wispr */;
			targetProxy = 00A1C0C42F50AD09001D1A22 /* PBXContainerItemProxy */;
		};
		00A1C0CF2F50AD09001D1A22 /* PBXTargetDependency */ = {
			isa = PBXTargetDependency;
			target = 00A1C0B52F50AD06001D1A22 /* wispr */;
			targetProxy = 00A1C0CE2F50AD09001D1A22 /* PBXContainerItemProxy */;
		};
/* End PBXTargetDependency section */

/* Begin XCBuildConfiguration section */
		00A1C0D52F50AD09001D1A22 /* Debug */ = {
			isa = XCBuildConfiguration;
			buildSettings = {
				ALWAYS_SEARCH_USER_PATHS = NO;
				ARCHS = arm64;
				ASSETCATALOG_COMPILER_GENERATE_SWIFT_ASSET_SYMBOL_EXTENSIONS = YES;
				CLANG_ANALYZER_NONNULL = YES;
				CLANG_ANALYZER_NUMBER_OBJECT_CONVERSION = YES_AGGRESSIVE;
				CLANG_CXX_LANGUAGE_STANDARD = "gnu++20";
				CLANG_ENABLE_MODULES = YES;
				CLANG_ENABLE_OBJC_ARC = YES;
				CLANG_ENABLE_OBJC_WEAK = YES;
				CLANG_WARN_BLOCK_CAPTURE_AUTORELEASING = YES;
				CLANG_WARN_BOOL_CONVERSION = YES;
				CLANG_WARN_COMMA = YES;
				CLANG_WARN_CONSTANT_CONVERSION = YES;
				CLANG_WARN_DEPRECATED_OBJC_IMPLEMENTATIONS = YES;
				CLANG_WARN_DIRECT_OBJC_ISA_USAGE = YES_ERROR;
				CLANG_WARN_DOCUMENTATION_COMMENTS = YES;
				CLANG_WARN_EMPTY_BODY = YES;
				CLANG_WARN_ENUM_CONVERSION = YES;
				CLANG_WARN_INFINITE_RECURSION = YES;
				CLANG_WARN_INT_CONVERSION = YES;
				CLANG_WARN_NON_LITERAL_NULL_CONVERSION = YES;
				CLANG_WARN_OBJC_IMPLICIT_RETAIN_SELF = YES;
				CLANG_WARN_OBJC_LITERAL_CONVERSION = YES;
				CLANG_WARN_OBJC_ROOT_CLASS = YES_ERROR;
				CLANG_WARN_QUOTED_INCLUDE_IN_FRAMEWORK_HEADER = YES;
				CLANG_WARN_RANGE_LOOP_ANALYSIS = YES;
				CLANG_WARN_STRICT_PROTOTYPES = YES;
				CLANG_WARN_SUSPICIOUS_MOVE = YES;
				CLANG_WARN_UNGUARDED_AVAILABILITY = YES_AGGRESSIVE;
				CLANG_WARN_UNREACHABLE_CODE = YES;
				CLANG_WARN__DUPLICATE_METHOD_MATCH = YES;
				COPY_PHASE_STRIP = NO;
				DEAD_CODE_STRIPPING = YES;
				DEBUG_INFORMATION_FORMAT = dwarf;
				DEVELOPMENT_TEAM = 56U756R2L2;
				ENABLE_STRICT_OBJC_MSGSEND = YES;
				ENABLE_TESTABILITY = YES;
				ENABLE_USER_SCRIPT_SANDBOXING = YES;
				GCC_C_LANGUAGE_STANDARD = gnu17;
				GCC_DYNAMIC_NO_PIC = NO;
				GCC_NO_COMMON_BLOCKS = YES;
				GCC_OPTIMIZATION_LEVEL = 0;
				GCC_PREPROCESSOR_DEFINITIONS = (
					"DEBUG=1",
					"$(inherited)",
				);
				GCC_WARN_64_TO_32_BIT_CONVERSION = YES;
				GCC_WARN_ABOUT_RETURN_TYPE = YES_ERROR;
				GCC_WARN_UNDECLARED_SELECTOR = YES;
				GCC_WARN_UNINITIALIZED_AUTOS = YES_AGGRESSIVE;
				GCC_WARN_UNUSED_FUNCTION = YES;
				GCC_WARN_UNUSED_VARIABLE = YES;
				LOCALIZATION_PREFERS_STRING_CATALOGS = YES;
				MACOSX_DEPLOYMENT_TARGET = 26.2;
				MTL_ENABLE_DEBUG_INFO = INCLUDE_SOURCE;
				MTL_FAST_MATH = YES;
				ONLY_ACTIVE_ARCH = YES;
				SDKROOT = macosx;
				STRING_CATALOG_GENERATE_SYMBOLS = YES;
				SWIFT_ACTIVE_COMPILATION_CONDITIONS = "DEBUG $(inherited)";
				SWIFT_OPTIMIZATION_LEVEL = "-Onone";
			};
			name = Debug;
		};
		00A1C0D62F50AD09001D1A22 /* Release */ = {
			isa = XCBuildConfiguration;
			buildSettings = {
				ALWAYS_SEARCH_USER_PATHS = NO;
				ARCHS = arm64;
				ASSETCATALOG_COMPILER_GENERATE_SWIFT_ASSET_SYMBOL_EXTENSIONS = YES;
				CLANG_ANALYZER_NONNULL = YES;
				CLANG_ANALYZER_NUMBER_OBJECT_CONVERSION = YES_AGGRESSIVE;
				CLANG_CXX_LANGUAGE_STANDARD = "gnu++20";
				CLANG_ENABLE_MODULES = YES;
				CLANG_ENABLE_OBJC_ARC = YES;
				CLANG_ENABLE_OBJC_WEAK = YES;
				CLANG_WARN_BLOCK_CAPTURE_AUTORELEASING = YES;
				CLANG_WARN_BOOL_CONVERSION = YES;
				CLANG_WARN_COMMA = YES;
				CLANG_WARN_CONSTANT_CONVERSION = YES;
				CLANG_WARN_DEPRECATED_OBJC_IMPLEMENTATIONS = YES;
				CLANG_WARN_DIRECT_OBJC_ISA_USAGE = YES_ERROR;
				CLANG_WARN_DOCUMENTATION_COMMENTS = YES;
				CLANG_WARN_EMPTY_BODY = YES;
				CLANG_WARN_ENUM_CONVERSION = YES;
				CLANG_WARN_INFINITE_RECURSION = YES;
				CLANG_WARN_INT_CONVERSION = YES;
				CLANG_WARN_NON_LITERAL_NULL_CONVERSION = YES;
				CLANG_WARN_OBJC_IMPLICIT_RETAIN_SELF = YES;
				CLANG_WARN_OBJC_LITERAL_CONVERSION = YES;
				CLANG_WARN_OBJC_ROOT_CLASS = YES_ERROR;
				CLANG_WARN_QUOTED_INCLUDE_IN_FRAMEWORK_HEADER = YES;
				CLANG_WARN_RANGE_LOOP_ANALYSIS = YES;
				CLANG_WARN_STRICT_PROTOTYPES = YES;
				CLANG_WARN_SUSPICIOUS_MOVE = YES;
				CLANG_WARN_UNGUARDED_AVAILABILITY = YES_AGGRESSIVE;
				CLANG_WARN_UNREACHABLE_CODE = YES;
				CLANG_WARN__DUPLICATE_METHOD_MATCH = YES;
				COPY_PHASE_STRIP = NO;
				DEAD_CODE_STRIPPING = YES;
				DEBUG_INFORMATION_FORMAT = "dwarf-with-dsym";
				DEVELOPMENT_TEAM = 56U756R2L2;
				ENABLE_NS_ASSERTIONS = NO;
				ENABLE_STRICT_OBJC_MSGSEND = YES;
				ENABLE_USER_SCRIPT_SANDBOXING = YES;
				GCC_C_LANGUAGE_STANDARD = gnu17;
				GCC_NO_COMMON_BLOCKS = YES;
				GCC_WARN_64_TO_32_BIT_CONVERSION = YES;
				GCC_WARN_ABOUT_RETURN_TYPE = YES_ERROR;
				GCC_WARN_UNDECLARED_SELECTOR = YES;
				GCC_WARN_UNINITIALIZED_AUTOS = YES_AGGRESSIVE;
				GCC_WARN_UNUSED_FUNCTION = YES;
				GCC_WARN_UNUSED_VARIABLE = YES;
				LOCALIZATION_PREFERS_STRING_CATALOGS = YES;
				MACOSX_DEPLOYMENT_TARGET = 26.2;
				MTL_ENABLE_DEBUG_INFO = NO;
				MTL_FAST_MATH = YES;
				ONLY_ACTIVE_ARCH = YES;
				SDKROOT = macosx;
				STRING_CATALOG_GENERATE_SYMBOLS = YES;
				SWIFT_COMPILATION_MODE = wholemodule;
			};
			name = Release;
		};
		00A1C0D82F50AD09001D1A22 /* Debug */ = {
			isa = XCBuildConfiguration;
			buildSettings = {
				ASSETCATALOG_COMPILER_APPICON_NAME = AppIcon;
				ASSETCATALOG_COMPILER_GLOBAL_ACCENT_COLOR_NAME = AccentColor;
				ASSETCATALOG_COMPILER_INCLUDE_ALL_APPICON_ASSETS = YES;
				CODE_SIGN_ENTITLEMENTS = wispr.entitlements;
				CODE_SIGN_IDENTITY = "Apple Development";
				CODE_SIGN_STYLE = Automatic;
				COMBINE_HIDPI_IMAGES = YES;
				CURRENT_PROJECT_VERSION = 260228-64;
				DEAD_CODE_STRIPPING = YES;
				DEVELOPMENT_TEAM = 56U756R2L2;
				ENABLE_APP_SANDBOX = YES;
				ENABLE_HARDENED_RUNTIME = YES;
				ENABLE_OUTGOING_NETWORK_CONNECTIONS = YES;
				ENABLE_PREVIEWS = YES;
				ENABLE_RESOURCE_ACCESS_AUDIO_INPUT = YES;
				ENABLE_USER_SELECTED_FILES = readonly;
				GENERATE_INFOPLIST_FILE = YES;
				INFOPLIST_KEY_CFBundleDisplayName = Wispr;
				INFOPLIST_KEY_LSApplicationCategoryType = "public.app-category.utilities";
				INFOPLIST_KEY_NSHumanReadableCopyright = "";
				INFOPLIST_KEY_NSMicrophoneUsageDescription = "Wispr uses your microphone to capture speech for on-device transcription. Audio never leaves your Mac.";
				LD_RUNPATH_SEARCH_PATHS = (
					"$(inherited)",
					"@executable_path/../Frameworks",
				);
				MARKETING_VERSION = 1.0;
				PRODUCT_BUNDLE_IDENTIFIER = com.stormacq.mac.wispr;
				PRODUCT_NAME = "$(TARGET_NAME)";
				PROVISIONING_PROFILE_SPECIFIER = "";
				REGISTER_APP_GROUPS = YES;
				STRING_CATALOG_GENERATE_SYMBOLS = YES;
				SWIFT_APPROACHABLE_CONCURRENCY = YES;
				SWIFT_DEFAULT_ACTOR_ISOLATION = MainActor;
				SWIFT_EMIT_LOC_STRINGS = YES;
				SWIFT_STRICT_CONCURRENCY = complete;
				SWIFT_UPCOMING_FEATURE_MEMBER_IMPORT_VISIBILITY = YES;
				SWIFT_VERSION = 6.0;
			};
			name = Debug;
		};
		00A1C0D92F50AD09001D1A22 /* Release */ = {
			isa = XCBuildConfiguration;
			buildSettings = {
				ASSETCATALOG_COMPILER_APPICON_NAME = AppIcon;
				ASSETCATALOG_COMPILER_GLOBAL_ACCENT_COLOR_NAME = AccentColor;
				ASSETCATALOG_COMPILER_INCLUDE_ALL_APPICON_ASSETS = YES;
				CODE_SIGN_ENTITLEMENTS = wispr.entitlements;
				CODE_SIGN_IDENTITY = "Apple Development";
				CODE_SIGN_STYLE = Automatic;
				COMBINE_HIDPI_IMAGES = YES;
				CURRENT_PROJECT_VERSION = 260228-64;
				DEAD_CODE_STRIPPING = YES;
				DEVELOPMENT_TEAM = 56U756R2L2;
				ENABLE_APP_SANDBOX = YES;
				ENABLE_HARDENED_RUNTIME = YES;
				ENABLE_OUTGOING_NETWORK_CONNECTIONS = YES;
				ENABLE_PREVIEWS = YES;
				ENABLE_RESOURCE_ACCESS_AUDIO_INPUT = YES;
				ENABLE_USER_SELECTED_FILES = readonly;
				GENERATE_INFOPLIST_FILE = YES;
				INFOPLIST_KEY_CFBundleDisplayName = Wispr;
				INFOPLIST_KEY_LSApplicationCategoryType = "public.app-category.utilities";
				INFOPLIST_KEY_NSHumanReadableCopyright = "";
				INFOPLIST_KEY_NSMicrophoneUsageDescription = "Wispr uses your microphone to capture speech for on-device transcription. Audio never leaves your Mac.";
				LD_RUNPATH_SEARCH_PATHS = (
					"$(inherited)",
					"@executable_path/../Frameworks",
				);
				MARKETING_VERSION = 1.0;
				PRODUCT_BUNDLE_IDENTIFIER = com.stormacq.mac.wispr;
				PRODUCT_NAME = "$(TARGET_NAME)";
				PROVISIONING_PROFILE_SPECIFIER = "";
				REGISTER_APP_GROUPS = YES;
				STRING_CATALOG_GENERATE_SYMBOLS = YES;
				SWIFT_APPROACHABLE_CONCURRENCY = YES;
				SWIFT_DEFAULT_ACTOR_ISOLATION = MainActor;
				SWIFT_EMIT_LOC_STRINGS = YES;
				SWIFT_STRICT_CONCURRENCY = complete;
				SWIFT_UPCOMING_FEATURE_MEMBER_IMPORT_VISIBILITY = YES;
				SWIFT_VERSION = 6.0;
			};
			name = Release;
		};
		00A1C0DB2F50AD09001D1A22 /* Debug */ = {
			isa = XCBuildConfiguration;
			buildSettings = {
				BUNDLE_LOADER = "$(TEST_HOST)";
				CODE_SIGN_IDENTITY = "Apple Development";
				CODE_SIGN_STYLE = Automatic;
				CURRENT_PROJECT_VERSION = 260228-64;
				DEAD_CODE_STRIPPING = YES;
				DEVELOPMENT_TEAM = 56U756R2L2;
				GENERATE_INFOPLIST_FILE = YES;
				MACOSX_DEPLOYMENT_TARGET = 26.2;
				MARKETING_VERSION = 1.0;
				PRODUCT_BUNDLE_IDENTIFIER = com.stormacq.mac.wisprTests;
				PRODUCT_NAME = "$(TARGET_NAME)";
				PROVISIONING_PROFILE_SPECIFIER = "";
				STRING_CATALOG_GENERATE_SYMBOLS = NO;
				SWIFT_APPROACHABLE_CONCURRENCY = YES;
				SWIFT_DEFAULT_ACTOR_ISOLATION = MainActor;
				SWIFT_EMIT_LOC_STRINGS = NO;
				SWIFT_STRICT_CONCURRENCY = complete;
				SWIFT_UPCOMING_FEATURE_MEMBER_IMPORT_VISIBILITY = YES;
				SWIFT_VERSION = 6.0;
				TEST_HOST = "$(BUILT_PRODUCTS_DIR)/wispr.app/$(BUNDLE_EXECUTABLE_FOLDER_PATH)/wispr";
			};
			name = Debug;
		};
		00A1C0DC2F50AD09001D1A22 /* Release */ = {
			isa = XCBuildConfiguration;
			buildSettings = {
				BUNDLE_LOADER = "$(TEST_HOST)";
				CODE_SIGN_IDENTITY = "Apple Development";
				CODE_SIGN_STYLE = Automatic;
				CURRENT_PROJECT_VERSION = 260228-64;
				DEAD_CODE_STRIPPING = YES;
				DEVELOPMENT_TEAM = 56U756R2L2;
				GENERATE_INFOPLIST_FILE = YES;
				MACOSX_DEPLOYMENT_TARGET = 26.2;
				MARKETING_VERSION = 1.0;
				PRODUCT_BUNDLE_IDENTIFIER = com.stormacq.mac.wisprTests;
				PRODUCT_NAME = "$(TARGET_NAME)";
				PROVISIONING_PROFILE_SPECIFIER = "";
				STRING_CATALOG_GENERATE_SYMBOLS = NO;
				SWIFT_APPROACHABLE_CONCURRENCY = YES;
				SWIFT_DEFAULT_ACTOR_ISOLATION = MainActor;
				SWIFT_EMIT_LOC_STRINGS = NO;
				SWIFT_STRICT_CONCURRENCY = complete;
				SWIFT_UPCOMING_FEATURE_MEMBER_IMPORT_VISIBILITY = YES;
				SWIFT_VERSION = 6.0;
				TEST_HOST = "$(BUILT_PRODUCTS_DIR)/wispr.app/$(BUNDLE_EXECUTABLE_FOLDER_PATH)/wispr";
			};
			name = Release;
		};
		00A1C0DE2F50AD09001D1A22 /* Debug */ = {
			isa = XCBuildConfiguration;
			buildSettings = {
				CODE_SIGN_IDENTITY = "Apple Development";
				CODE_SIGN_STYLE = Automatic;
				CURRENT_PROJECT_VERSION = 260228-64;
				DEAD_CODE_STRIPPING = YES;
				DEVELOPMENT_TEAM = 56U756R2L2;
				GENERATE_INFOPLIST_FILE = YES;
				MARKETING_VERSION = 1.0;
				PRODUCT_BUNDLE_IDENTIFIER = com.stormacq.mac.wisprUITests;
				PRODUCT_NAME = "$(TARGET_NAME)";
				PROVISIONING_PROFILE_SPECIFIER = "";
				STRING_CATALOG_GENERATE_SYMBOLS = NO;
				SWIFT_APPROACHABLE_CONCURRENCY = YES;
				SWIFT_EMIT_LOC_STRINGS = NO;
				SWIFT_STRICT_CONCURRENCY = complete;
				SWIFT_UPCOMING_FEATURE_MEMBER_IMPORT_VISIBILITY = YES;
				SWIFT_VERSION = 6.0;
				TEST_TARGET_NAME = wispr;
			};
			name = Debug;
		};
		00A1C0DF2F50AD09001D1A22 /* Release */ = {
			isa = XCBuildConfiguration;
			buildSettings = {
				CODE_SIGN_IDENTITY = "Apple Development";
				CODE_SIGN_STYLE = Automatic;
				CURRENT_PROJECT_VERSION = 260228-64;
				DEAD_CODE_STRIPPING = YES;
				DEVELOPMENT_TEAM = 56U756R2L2;
				GENERATE_INFOPLIST_FILE = YES;
				MARKETING_VERSION = 1.0;
				PRODUCT_BUNDLE_IDENTIFIER = com.stormacq.mac.wisprUITests;
				PRODUCT_NAME = "$(TARGET_NAME)";
				PROVISIONING_PROFILE_SPECIFIER = "";
				STRING_CATALOG_GENERATE_SYMBOLS = NO;
				SWIFT_APPROACHABLE_CONCURRENCY = YES;
				SWIFT_EMIT_LOC_STRINGS = NO;
				SWIFT_STRICT_CONCURRENCY = complete;
				SWIFT_UPCOMING_FEATURE_MEMBER_IMPORT_VISIBILITY = YES;
				SWIFT_VERSION = 6.0;
				TEST_TARGET_NAME = wispr;
			};
			name = Release;
		};
/* End XCBuildConfiguration section */

/* Begin XCConfigurationList section */
		00A1C0B12F50AD06001D1A22 /* Build configuration list for PBXProject "wispr" */ = {
			isa = XCConfigurationList;
			buildConfigurations = (
				00A1C0D52F50AD09001D1A22 /* Debug */,
				00A1C0D62F50AD09001D1A22 /* Release */,
			);
			defaultConfigurationIsVisible = 0;
			defaultConfigurationName = Release;
		};
		00A1C0D72F50AD09001D1A22 /* Build configuration list for PBXNativeTarget "wispr" */ = {
			isa = XCConfigurationList;
			buildConfigurations = (
				00A1C0D82F50AD09001D1A22 /* Debug */,
				00A1C0D92F50AD09001D1A22 /* Release */,
			);
			defaultConfigurationIsVisible = 0;
			defaultConfigurationName = Release;
		};
		00A1C0DA2F50AD09001D1A22 /* Build configuration list for PBXNativeTarget "wisprTests" */ = {
			isa = XCConfigurationList;
			buildConfigurations = (
				00A1C0DB2F50AD09001D1A22 /* Debug */,
				00A1C0DC2F50AD09001D1A22 /* Release */,
			);
			defaultConfigurationIsVisible = 0;
			defaultConfigurationName = Release;
		};
		00A1C0DD2F50AD09001D1A22 /* Build configuration list for PBXNativeTarget "wisprUITests" */ = {
			isa = XCConfigurationList;
			buildConfigurations = (
				00A1C0DE2F50AD09001D1A22 /* Debug */,
				00A1C0DF2F50AD09001D1A22 /* Release */,
			);
			defaultConfigurationIsVisible = 0;
			defaultConfigurationName = Release;
		};
/* End XCConfigurationList section */

/* Begin XCRemoteSwiftPackageReference section */
		000C012D2F50C874003B4CDA /* XCRemoteSwiftPackageReference "WhisperKit" */ = {
			isa = XCRemoteSwiftPackageReference;
			repositoryURL = "https://github.com/argmaxinc/WhisperKit.git";
			requirement = {
				kind = upToNextMajorVersion;
				minimumVersion = 0.15.0;
			};
		};
/* End XCRemoteSwiftPackageReference section */

/* Begin XCSwiftPackageProductDependency section */
		000C012E2F50C874003B4CDA /* WhisperKit */ = {
			isa = XCSwiftPackageProductDependency;
			package = 000C012D2F50C874003B4CDA /* XCRemoteSwiftPackageReference "WhisperKit" */;
			productName = WhisperKit;
		};
/* End XCSwiftPackageProductDependency section */
	};
	rootObject = 00A1C0AE2F50AD06001D1A22 /* Project object */;
}
